
Microsoft Visual Studio Solution File, Format Version 12.00
# Visual Studio Version 17
VisualStudioVersion = 17.10.35013.160
MinimumVisualStudioVersion = 10.0.40219.1
Project("{9A19103F-16F7-4668-BE54-9A1E7A4F7556}") = "ConsoleApp.OutPut.Demo", "ConsoleApp.OutPut.Demo\ConsoleApp.OutPut.Demo.csproj", "{2305D72C-DBDF-44FD-81D3-A57D7CBB95DB}"
EndProject
Project("{9A19103F-16F7-4668-BE54-9A1E7A4F7556}") = "ConsoleApp.VaraiblesDemo", "ConsoleApp.VaraiblesDemo\ConsoleApp.VaraiblesDemo.csproj", "{0B44322F-A4A6-4487-A034-A94C1A839140}"
EndProject
Project("{9A19103F-16F7-4668-BE54-9A1E7A4F7556}") = "ConsoleApp.UserInput.Demo", "ConsoleApp.UserInput.Demo\ConsoleApp.UserInput.Demo.csproj", "{37078F3E-0CA3-4C74-802C-9846CFD045F5}"
EndProject
Project("{9A19103F-16F7-4668-BE54-9A1E7A4F7556}") = "Practice", "..\Practice\Practice\Practice.csproj", "{2D81EB8A-49AB-4CC4-91F9-43D3BB1F6038}"
EndProject
Global
	GlobalSection(SolutionConfigurationPlatforms) = preSolution
		Debug|Any CPU = Debug|Any CPU
		Release|Any CPU = Release|Any CPU
	EndGlobalSection
	GlobalSection(ProjectConfigurationPlatforms) = postSolution
		{2305D72C-DBDF-44FD-81D3-A57D7CBB95DB}.Debug|Any CPU.ActiveCfg = Debug|Any CPU
		{2305D72C-DBDF-44FD-81D3-A57D7CBB95DB}.Debug|Any CPU.Build.0 = Debug|Any CPU
		{2305D72C-DBDF-44FD-81D3-A57D7CBB95DB}.Release|Any CPU.ActiveCfg = Release|Any CPU
		{2305D72C-DBDF-44FD-81D3-A57D7CBB95DB}.Release|Any CPU.Build.0 = Release|Any CPU
		{0B44322F-A4A6-4487-A034-A94C1A839140}.Debug|Any CPU.ActiveCfg = Debug|Any CPU
		{0B44322F-A4A6-4487-A034-A94C1A839140}.Debug|Any CPU.Build.0 = Debug|Any CPU
		{0B44322F-A4A6-4487-A034-A94C1A839140}.Release|Any CPU.ActiveCfg = Release|Any CPU
		{0B44322F-A4A6-4487-A034-A94C1A839140}.Release|Any CPU.Build.0 = Release|Any CPU
		{37078F3E-0CA3-4C74-802C-9846CFD045F5}.Debug|Any CPU.ActiveCfg = Debug|Any CPU
		{37078F3E-0CA3-4C74-802C-9846CFD045F5}.Debug|Any CPU.Build.0 = Debug|Any CPU
		{37078F3E-0CA3-4C74-802C-9846CFD045F5}.Release|Any CPU.ActiveCfg = Release|Any CPU
		{37078F3E-0CA3-4C74-802C-9846CFD045F5}.Release|Any CPU.Build.0 = Release|Any CPU
		{2D81EB8A-49AB-4CC4-91F9-43D3BB1F6038}.Debug|Any CPU.ActiveCfg = Debug|Any CPU
		{2D81EB8A-49AB-4CC4-91F9-43D3BB1F6038}.Debug|Any CPU.Build.0 = Debug|Any CPU
		{2D81EB8A-49AB-4CC4-91F9-43D3BB1F6038}.Release|Any CPU.ActiveCfg = Release|Any CPU
		{2D81EB8A-49AB-4CC4-91F9-43D3BB1F6038}.Release|Any CPU.Build.0 = Release|Any CPU
	EndGlobalSection
	GlobalSection(SolutionProperties) = preSolution
		HideSolutionNode = FALSE
	EndGlobalSection
	GlobalSection(ExtensibilityGlobals) = postSolution
		SolutionGuid = {C8197ED8-74F4-49BD-96C9-4E3B34B6C30F}
	EndGlobalSection
EndGlobal
